// !$*UTF8*$!
{
	archiveVersion = 1;
	classes = {
	};
	objectVersion = 46;
	objects = {

/* Begin PBXBuildFile section */
		3282E6B71971EE9A00D81BFF /* TJTest.m in Sources */ = {isa = PBXBuildFile; fileRef = 3282E6B61971EE9A00D81BFF /* TJTest.m */; };
		32B50346196109BF00E20602 /* Foundation.framework in Frameworks */ = {isa = PBXBuildFile; fileRef = 32B50345196109BF00E20602 /* Foundation.framework */; };
		32B50348196109BF00E20602 /* CoreGraphics.framework in Frameworks */ = {isa = PBXBuildFile; fileRef = 32B50347196109BF00E20602 /* CoreGraphics.framework */; };
		32B5034A196109BF00E20602 /* UIKit.framework in Frameworks */ = {isa = PBXBuildFile; fileRef = 32B50349196109BF00E20602 /* UIKit.framework */; };
		32B50350196109BF00E20602 /* InfoPlist.strings in Resources */ = {isa = PBXBuildFile; fileRef = 32B5034E196109BF00E20602 /* InfoPlist.strings */; };
		32B50352196109BF00E20602 /* main.m in Sources */ = {isa = PBXBuildFile; fileRef = 32B50351196109BF00E20602 /* main.m */; };
		32B50356196109BF00E20602 /* TJAppDelegate.m in Sources */ = {isa = PBXBuildFile; fileRef = 32B50355196109BF00E20602 /* TJAppDelegate.m */; };
		32B50359196109BF00E20602 /* Main.storyboard in Resources */ = {isa = PBXBuildFile; fileRef = 32B50357196109BF00E20602 /* Main.storyboard */; };
		32B5035C196109BF00E20602 /* TJViewController.m in Sources */ = {isa = PBXBuildFile; fileRef = 32B5035B196109BF00E20602 /* TJViewController.m */; };
		32B5035E196109BF00E20602 /* Images.xcassets in Resources */ = {isa = PBXBuildFile; fileRef = 32B5035D196109BF00E20602 /* Images.xcassets */; };
		32B50365196109BF00E20602 /* XCTest.framework in Frameworks */ = {isa = PBXBuildFile; fileRef = 32B50364196109BF00E20602 /* XCTest.framework */; };
		32B50366196109BF00E20602 /* Foundation.framework in Frameworks */ = {isa = PBXBuildFile; fileRef = 32B50345196109BF00E20602 /* Foundation.framework */; };
		32B50367196109BF00E20602 /* UIKit.framework in Frameworks */ = {isa = PBXBuildFile; fileRef = 32B50349196109BF00E20602 /* UIKit.framework */; };
		32B5036F196109BF00E20602 /* InfoPlist.strings in Resources */ = {isa = PBXBuildFile; fileRef = 32B5036D196109BF00E20602 /* InfoPlist.strings */; };
		32B50371196109BF00E20602 /* Git_TestTests.m in Sources */ = {isa = PBXBuildFile; fileRef = 32B50370196109BF00E20602 /* Git_TestTests.m */; };
/* End PBXBuildFile section */

/* Begin PBXContainerItemProxy section */
		32B50368196109BF00E20602 /* PBXContainerItemProxy */ = {
			isa = PBXContainerItemProxy;
			containerPortal = 32B5033A196109BF00E20602 /* Project object */;
			proxyType = 1;
			remoteGlobalIDString = 32B50341196109BF00E20602;
			remoteInfo = "Git Test";
		};
/* End PBXContainerItemProxy section */

/* Begin PBXFileReference section */
		3282E6B51971EE9A00D81BFF /* TJTest.h */ = {isa = PBXFileReference; fileEncoding = 4; lastKnownFileType = sourcecode.c.h; name = TJTest.h; path = ../TJTest.h; sourceTree = "<group>"; };
		3282E6B61971EE9A00D81BFF /* TJTest.m */ = {isa = PBXFileReference; fileEncoding = 4; lastKnownFileType = sourcecode.c.objc; name = TJTest.m; path = ../TJTest.m; sourceTree = "<group>"; };
		32B50342196109BF00E20602 /* Git Test.app */ = {isa = PBXFileReference; explicitFileType = wrapper.application; includeInIndex = 0; path = "Git Test.app"; sourceTree = BUILT_PRODUCTS_DIR; };
		32B50345196109BF00E20602 /* Foundation.framework */ = {isa = PBXFileReference; lastKnownFileType = wrapper.framework; name = Foundation.framework; path = System/Library/Frameworks/Foundation.framework; sourceTree = SDKROOT; };
		32B50347196109BF00E20602 /* CoreGraphics.framework */ = {isa = PBXFileReference; lastKnownFileType = wrapper.framework; name = CoreGraphics.framework; path = System/Library/Frameworks/CoreGraphics.framework; sourceTree = SDKROOT; };
		32B50349196109BF00E20602 /* UIKit.framework */ = {isa = PBXFileReference; lastKnownFileType = wrapper.framework; name = UIKit.framework; path = System/Library/Frameworks/UIKit.framework; sourceTree = SDKROOT; };
		32B5034D196109BF00E20602 /* Git Test-Info.plist */ = {isa = PBXFileReference; lastKnownFileType = text.plist.xml; path = "Git Test-Info.plist"; sourceTree = "<group>"; };
		32B5034F196109BF00E20602 /* en */ = {isa = PBXFileReference; lastKnownFileType = text.plist.strings; name = en; path = en.lproj/InfoPlist.strings; sourceTree = "<group>"; };
		32B50351196109BF00E20602 /* main.m */ = {isa = PBXFileReference; lastKnownFileType = sourcecode.c.objc; path = main.m; sourceTree = "<group>"; };
		32B50353196109BF00E20602 /* Git Test-Prefix.pch */ = {isa = PBXFileReference; lastKnownFileType = sourcecode.c.h; path = "Git Test-Prefix.pch"; sourceTree = "<group>"; };
		32B50354196109BF00E20602 /* TJAppDelegate.h */ = {isa = PBXFileReference; lastKnownFileType = sourcecode.c.h; path = TJAppDelegate.h; sourceTree = "<group>"; };
		32B50355196109BF00E20602 /* TJAppDelegate.m */ = {isa = PBXFileReference; lastKnownFileType = sourcecode.c.objc; path = TJAppDelegate.m; sourceTree = "<group>"; };
		32B50358196109BF00E20602 /* Base */ = {isa = PBXFileReference; lastKnownFileType = file.storyboard; name = Base; path = Base.lproj/Main.storyboard; sourceTree = "<group>"; };
		32B5035A196109BF00E20602 /* TJViewController.h */ = {isa = PBXFileReference; lastKnownFileType = sourcecode.c.h; path = TJViewController.h; sourceTree = "<group>"; };
		32B5035B196109BF00E20602 /* TJViewController.m */ = {isa = PBXFileReference; lastKnownFileType = sourcecode.c.objc; path = TJViewController.m; sourceTree = "<group>"; };
		32B5035D196109BF00E20602 /* Images.xcassets */ = {isa = PBXFileReference; lastKnownFileType = folder.assetcatalog; path = Images.xcassets; sourceTree = "<group>"; };
		32B50363196109BF00E20602 /* Git TestTests.xctest */ = {isa = PBXFileReference; explicitFileType = wrapper.cfbundle; includeInIndex = 0; path = "Git TestTests.xctest"; sourceTree = BUILT_PRODUCTS_DIR; };
		32B50364196109BF00E20602 /* XCTest.framework */ = {isa = PBXFileReference; lastKnownFileType = wrapper.framework; name = XCTest.framework; path = Library/Frameworks/XCTest.framework; sourceTree = DEVELOPER_DIR; };
		32B5036C196109BF00E20602 /* Git TestTests-Info.plist */ = {isa = PBXFileReference; lastKnownFileType = text.plist.xml; path = "Git TestTests-Info.plist"; sourceTree = "<group>"; };
		32B5036E196109BF00E20602 /* en */ = {isa = PBXFileReference; lastKnownFileType = text.plist.strings; name = en; path = en.lproj/InfoPlist.strings; sourceTree = "<group>"; };
		32B50370196109BF00E20602 /* Git_TestTests.m */ = {isa = PBXFileReference; lastKnownFileType = sourcecode.c.objc; path = Git_TestTests.m; sourceTree = "<group>"; };
/* End PBXFileReference section */

/* Begin PBXFrameworksBuildPhase section */
		32B5033F196109BF00E20602 /* Frameworks */ = {
			isa = PBXFrameworksBuildPhase;
			buildActionMask = 2147483647;
			files = (
				32B50348196109BF00E20602 /* CoreGraphics.framework in Frameworks */,
				32B5034A196109BF00E20602 /* UIKit.framework in Frameworks */,
				32B50346196109BF00E20602 /* Foundation.framework in Frameworks */,
			);
			runOnlyForDeploymentPostprocessing = 0;
		};
		32B50360196109BF00E20602 /* Frameworks */ = {
			isa = PBXFrameworksBuildPhase;
			buildActionMask = 2147483647;
			files = (
				32B50365196109BF00E20602 /* XCTest.framework in Frameworks */,
				32B50367196109BF00E20602 /* UIKit.framework in Frameworks */,
				32B50366196109BF00E20602 /* Foundation.framework in Frameworks */,
			);
			runOnlyForDeploymentPostprocessing = 0;
		};
/* End PBXFrameworksBuildPhase section */

/* Begin PBXGroup section */
		32B50339196109BF00E20602 = {
			isa = PBXGroup;
			children = (
				32B5034B196109BF00E20602 /* Git Test */,
				32B5036A196109BF00E20602 /* Git TestTests */,
				32B50344196109BF00E20602 /* Frameworks */,
				32B50343196109BF00E20602 /* Products */,
			);
			sourceTree = "<group>";
		};
		32B50343196109BF00E20602 /* Products */ = {
			isa = PBXGroup;
			children = (
				32B50342196109BF00E20602 /* Git Test.app */,
				32B50363196109BF00E20602 /* Git TestTests.xctest */,
			);
			name = Products;
			sourceTree = "<group>";
		};
		32B50344196109BF00E20602 /* Frameworks */ = {
			isa = PBXGroup;
			children = (
				32B50345196109BF00E20602 /* Foundation.framework */,
				32B50347196109BF00E20602 /* CoreGraphics.framework */,
				32B50349196109BF00E20602 /* UIKit.framework */,
				32B50364196109BF00E20602 /* XCTest.framework */,
			);
			name = Frameworks;
			sourceTree = "<group>";
		};
		32B5034B196109BF00E20602 /* Git Test */ = {
			isa = PBXGroup;
			children = (
				3282E6B51971EE9A00D81BFF /* TJTest.h */,
				3282E6B61971EE9A00D81BFF /* TJTest.m */,
				32B50354196109BF00E20602 /* TJAppDelegate.h */,
				32B50355196109BF00E20602 /* TJAppDelegate.m */,
				32B50357196109BF00E20602 /* Main.storyboard */,
				32B5035A196109BF00E20602 /* TJViewController.h */,
				32B5035B196109BF00E20602 /* TJViewController.m */,
				32B5035D196109BF00E20602 /* Images.xcassets */,
				32B5034C196109BF00E20602 /* Supporting Files */,
			);
			path = "Git Test";
			sourceTree = "<group>";
		};
		32B5034C196109BF00E20602 /* Supporting Files */ = {
			isa = PBXGroup;
			children = (
				32B5034D196109BF00E20602 /* Git Test-Info.plist */,
				32B5034E196109BF00E20602 /* InfoPlist.strings */,
				32B50351196109BF00E20602 /* main.m */,
				32B50353196109BF00E20602 /* Git Test-Prefix.pch */,
			);
			name = "Supporting Files";
			sourceTree = "<group>";
		};
		32B5036A196109BF00E20602 /* Git TestTests */ = {
			isa = PBXGroup;
			children = (
				32B50370196109BF00E20602 /* Git_TestTests.m */,
				32B5036B196109BF00E20602 /* Supporting Files */,
			);
			path = "Git TestTests";
			sourceTree = "<group>";
		};
		32B5036B196109BF00E20602 /* Supporting Files */ = {
			isa = PBXGroup;
			children = (
				32B5036C196109BF00E20602 /* Git TestTests-Info.plist */,
				32B5036D196109BF00E20602 /* InfoPlist.strings */,
			);
			name = "Supporting Files";
			sourceTree = "<group>";
		};
/* End PBXGroup section */

/* Begin PBXNativeTarget section */
		32B50341196109BF00E20602 /* Git Test */ = {
			isa = PBXNativeTarget;
			buildConfigurationList = 32B50374196109BF00E20602 /* Build configuration list for PBXNativeTarget "Git Test" */;
			buildPhases = (
				32B5033E196109BF00E20602 /* Sources */,
				32B5033F196109BF00E20602 /* Frameworks */,
				32B50340196109BF00E20602 /* Resources */,
			);
			buildRules = (
			);
			dependencies = (
			);
			name = "Git Test";
			productName = "Git Test";
			productReference = 32B50342196109BF00E20602 /* Git Test.app */;
			productType = "com.apple.product-type.application";
		};
		32B50362196109BF00E20602 /* Git TestTests */ = {
			isa = PBXNativeTarget;
			buildConfigurationList = 32B50377196109BF00E20602 /* Build configuration list for PBXNativeTarget "Git TestTests" */;
			buildPhases = (
				32B5035F196109BF00E20602 /* Sources */,
				32B50360196109BF00E20602 /* Frameworks */,
				32B50361196109BF00E20602 /* Resources */,
			);
			buildRules = (
			);
			dependencies = (
				32B50369196109BF00E20602 /* PBXTargetDependency */,
			);
			name = "Git TestTests";
			productName = "Git TestTests";
			productReference = 32B50363196109BF00E20602 /* Git TestTests.xctest */;
			productType = "com.apple.product-type.bundle.unit-test";
		};
/* End PBXNativeTarget section */

/* Begin PBXProject section */
		32B5033A196109BF00E20602 /* Project object */ = {
			isa = PBXProject;
			attributes = {
				CLASSPREFIX = TJ;
				LastUpgradeCheck = 0510;
				ORGANIZATIONNAME = TJG;
				TargetAttributes = {
					32B50362196109BF00E20602 = {
						TestTargetID = 32B50341196109BF00E20602;
					};
				};
			};
			buildConfigurationList = 32B5033D196109BF00E20602 /* Build configuration list for PBXProject "Git Test" */;
			compatibilityVersion = "Xcode 3.2";
			developmentRegion = English;
			hasScannedForEncodings = 0;
			knownRegions = (
				en,
				Base,
			);
			mainGroup = 32B50339196109BF00E20602;
			productRefGroup = 32B50343196109BF00E20602 /* Products */;
			projectDirPath = "";
			projectRoot = "";
			targets = (
				32B50341196109BF00E20602 /* Git Test */,
				32B50362196109BF00E20602 /* Git TestTests */,
			);
		};
/* End PBXProject section */

/* Begin PBXResourcesBuildPhase section */
		32B50340196109BF00E20602 /* Resources */ = {
			isa = PBXResourcesBuildPhase;
			buildActionMask = 2147483647;
			files = (
				32B5035E196109BF00E20602 /* Images.xcassets in Resources */,
				32B50350196109BF00E20602 /* InfoPlist.strings in Resources */,
				32B50359196109BF00E20602 /* Main.storyboard in Resources */,
			);
			runOnlyForDeploymentPostprocessing = 0;
		};
		32B50361196109BF00E20602 /* Resources */ = {
			isa = PBXResourcesBuildPhase;
			buildActionMask = 2147483647;
			files = (
				32B5036F196109BF00E20602 /* InfoPlist.strings in Resources */,
			);
			runOnlyForDeploymentPostprocessing = 0;
		};
/* End PBXResourcesBuildPhase section */

/* Begin PBXSourcesBuildPhase section */
		32B5033E196109BF00E20602 /* Sources */ = {
			isa = PBXSourcesBuildPhase;
			buildActionMask = 2147483647;
			files = (
				32B5035C196109BF00E20602 /* TJViewController.m in Sources */,
				3282E6B71971EE9A00D81BFF /* TJTest.m in Sources */,
				32B50356196109BF00E20602 /* TJAppDelegate.m in Sources */,
				32B50352196109BF00E20602 /* main.m in Sources */,
			);
			runOnlyForDeploymentPostprocessing = 0;
		};
		32B5035F196109BF00E20602 /* Sources */ = {
			isa = PBXSourcesBuildPhase;
			buildActionMask = 2147483647;
			files = (
				32B50371196109BF00E20602 /* Git_TestTests.m in Sources */,
			);
			runOnlyForDeploymentPostprocessing = 0;
		};
/* End PBXSourcesBuildPhase section */

/* Begin PBXTargetDependency section */
		32B50369196109BF00E20602 /* PBXTargetDependency */ = {
			isa = PBXTargetDependency;
			target = 32B50341196109BF00E20602 /* Git Test */;
			targetProxy = 32B50368196109BF00E20602 /* PBXContainerItemProxy */;
		};
/* End PBXTargetDependency section */

/* Begin PBXVariantGroup section */
		32B5034E196109BF00E20602 /* InfoPlist.strings */ = {
			isa = PBXVariantGroup;
			children = (
				32B5034F196109BF00E20602 /* en */,
			);
			name = InfoPlist.strings;
			sourceTree = "<group>";
		};
		32B50357196109BF00E20602 /* Main.storyboard */ = {
			isa = PBXVariantGroup;
			children = (
				32B50358196109BF00E20602 /* Base */,
			);
			name = Main.storyboard;
			sourceTree = "<group>";
		};
		32B5036D196109BF00E20602 /* InfoPlist.strings */ = {
			isa = PBXVariantGroup;
			children = (
				32B5036E196109BF00E20602 /* en */,
			);
			name = InfoPlist.strings;
			sourceTree = "<group>";
		};
/* End PBXVariantGroup section */

/* Begin XCBuildConfiguration section */
		32B50372196109BF00E20602 /* Debug */ = {
			isa = XCBuildConfiguration;
			buildSettings = {
				ALWAYS_SEARCH_USER_PATHS = NO;
				CLANG_CXX_LANGUAGE_STANDARD = "gnu++0x";
				CLANG_CXX_LIBRARY = "libc++";
				CLANG_ENABLE_MODULES = YES;
				CLANG_ENABLE_OBJC_ARC = YES;
				CLANG_WARN_BOOL_CONVERSION = YES;
				CLANG_WARN_CONSTANT_CONVERSION = YES;
				CLANG_WARN_DIRECT_OBJC_ISA_USAGE = YES_ERROR;
				CLANG_WARN_EMPTY_BODY = YES;
				CLANG_WARN_ENUM_CONVERSION = YES;
				CLANG_WARN_INT_CONVERSION = YES;
				CLANG_WARN_OBJC_ROOT_CLASS = YES_ERROR;
				CLANG_WARN__DUPLICATE_METHOD_MATCH = YES;
				"CODE_SIGN_IDENTITY[sdk=iphoneos*]" = "iPhone Developer";
				COPY_PHASE_STRIP = NO;
				GCC_C_LANGUAGE_STANDARD = gnu99;
				GCC_DYNAMIC_NO_PIC = NO;
				GCC_OPTIMIZATION_LEVEL = 0;
				GCC_PREPROCESSOR_DEFINITIONS = (
					"DEBUG=1",
					"$(inherited)",
				);
				GCC_SYMBOLS_PRIVATE_EXTERN = NO;
				GCC_WARN_64_TO_32_BIT_CONVERSION = YES;
				GCC_WARN_ABOUT_RETURN_TYPE = YES_ERROR;
				GCC_WARN_UNDECLARED_SELECTOR = YES;
				GCC_WARN_UNINITIALIZED_AUTOS = YES_AGGRESSIVE;
				GCC_WARN_UNUSED_FUNCTION = YES;
				GCC_WARN_UNUSED_VARIABLE = YES;
				IPHONEOS_DEPLOYMENT_TARGET = 7.1;
				ONLY_ACTIVE_ARCH = YES;
				SDKROOT = iphoneos;
			};
			name = Debug;
		};
		32B50373196109BF00E20602 /* Release */ = {
			isa = XCBuildConfiguration;
			buildSettings = {
				ALWAYS_SEARCH_USER_PATHS = NO;
				CLANG_CXX_LANGUAGE_STANDARD = "gnu++0x";
				CLANG_CXX_LIBRARY = "libc++";
				CLANG_ENABLE_MODULES = YES;
				CLANG_ENABLE_OBJC_ARC = YES;
				CLANG_WARN_BOOL_CONVERSION = YES;
				CLANG_WARN_CONSTANT_CONVERSION = YES;
				CLANG_WARN_DIRECT_OBJC_ISA_USAGE = YES_ERROR;
				CLANG_WARN_EMPTY_BODY = YES;
				CLANG_WARN_ENUM_CONVERSION = YES;
				CLANG_WARN_INT_CONVERSION = YES;
				CLANG_WARN_OBJC_ROOT_CLASS = YES_ERROR;
				CLANG_WARN__DUPLICATE_METHOD_MATCH = YES;
				"CODE_SIGN_IDENTITY[sdk=iphoneos*]" = "iPhone Developer";
				COPY_PHASE_STRIP = YES;
				ENABLE_NS_ASSERTIONS = NO;
				GCC_C_LANGUAGE_STANDARD = gnu99;
				GCC_WARN_64_TO_32_BIT_CONVERSION = YES;
				GCC_WARN_ABOUT_RETURN_TYPE = YES_ERROR;
				GCC_WARN_UNDECLARED_SELECTOR = YES;
				GCC_WARN_UNINITIALIZED_AUTOS = YES_AGGRESSIVE;
				GCC_WARN_UNUSED_FUNCTION = YES;
				GCC_WARN_UNUSED_VARIABLE = YES;
				IPHONEOS_DEPLOYMENT_TARGET = 7.1;
				SDKROOT = iphoneos;
				VALIDATE_PRODUCT = YES;
			};
			name = Release;
		};
		32B50375196109BF00E20602 /* Debug */ = {
			isa = XCBuildConfiguration;
			buildSettings = {
				ASSETCATALOG_COMPILER_APPICON_NAME = AppIcon;
				ASSETCATALOG_COMPILER_LAUNCHIMAGE_NAME = LaunchImage;
				GCC_PRECOMPILE_PREFIX_HEADER = YES;
				GCC_PREFIX_HEADER = "Git Test/Git Test-Prefix.pch";
				INFOPLIST_FILE = "Git Test/Git Test-Info.plist";
				PRODUCT_NAME = "$(TARGET_NAME)";
				WRAPPER_EXTENSION = app;
			};
			name = Debug;
		};
		32B50376196109BF00E20602 /* Release */ = {
			isa = XCBuildConfiguration;
			buildSettings = {
				ASSETCATALOG_COMPILER_APPICON_NAME = AppIcon;
				ASSETCATALOG_COMPILER_LAUNCHIMAGE_NAME = LaunchImage;
				GCC_PRECOMPILE_PREFIX_HEADER = YES;
				GCC_PREFIX_HEADER = "Git Test/Git Test-Prefix.pch";
				INFOPLIST_FILE = "Git Test/Git Test-Info.plist";
				PRODUCT_NAME = "$(TARGET_NAME)";
				WRAPPER_EXTENSION = app;
			};
			name = Release;
		};
		32B50378196109BF00E20602 /* Debug */ = {
			isa = XCBuildConfiguration;
			buildSettings = {
				BUNDLE_LOADER = "$(BUILT_PRODUCTS_DIR)/Git Test.app/Git Test";
				FRAMEWORK_SEARCH_PATHS = (
					"$(SDKROOT)/Developer/Library/Frameworks",
					"$(inherited)",
					"$(DEVELOPER_FRAMEWORKS_DIR)",
				);
				GCC_PRECOMPILE_PREFIX_HEADER = YES;
				GCC_PREFIX_HEADER = "Git Test/Git Test-Prefix.pch";
				GCC_PREPROCESSOR_DEFINITIONS = (
					"DEBUG=1",
					"$(inherited)",
				);
				INFOPLIST_FILE = "Git TestTests/Git TestTests-Info.plist";
				PRODUCT_NAME = "$(TARGET_NAME)";
				TEST_HOST = "$(BUNDLE_LOADER)";
				WRAPPER_EXTENSION = xctest;
			};
			name = Debug;
		};
		32B50379196109BF00E20602 /* Release */ = {
			isa = XCBuildConfiguration;
			buildSettings = {
				BUNDLE_LOADER = "$(BUILT_PRODUCTS_DIR)/Git Test.app/Git Test";
				FRAMEWORK_SEARCH_PATHS = (
					"$(SDKROOT)/Developer/Library/Frameworks",
					"$(inherited)",
					"$(DEVELOPER_FRAMEWORKS_DIR)",
				);
				GCC_PRECOMPILE_PREFIX_HEADER = YES;
				GCC_PREFIX_HEADER = "Git Test/Git Test-Prefix.pch";
				INFOPLIST_FILE = "Git TestTests/Git TestTests-Info.plist";
				PRODUCT_NAME = "$(TARGET_NAME)";
				TEST_HOST = "$(BUNDLE_LOADER)";
				WRAPPER_EXTENSION = xctest;
			};
			name = Release;
		};
/* End XCBuildConfiguration section */

/* Begin XCConfigurationList section */
		32B5033D196109BF00E20602 /* Build configuration list for PBXProject "Git Test" */ = {
			isa = XCConfigurationList;
			buildConfigurations = (
				32B50372196109BF00E20602 /* Debug */,
				32B50373196109BF00E20602 /* Release */,
			);
			defaultConfigurationIsVisible = 0;
			defaultConfigurationName = Release;
		};
		32B50374196109BF00E20602 /* Build configuration list for PBXNativeTarget "Git Test" */ = {
			isa = XCConfigurationList;
			buildConfigurations = (
				32B50375196109BF00E20602 /* Debug */,
				32B50376196109BF00E20602 /* Release */,
			);
			defaultConfigurationIsVisible = 0;
			defaultConfigurationName = Release;
		};
		32B50377196109BF00E20602 /* Build configuration list for PBXNativeTarget "Git TestTests" */ = {
			isa = XCConfigurationList;
			buildConfigurations = (
				32B50378196109BF00E20602 /* Debug */,
				32B50379196109BF00E20602 /* Release */,
			);
			defaultConfigurationIsVisible = 0;
			defaultConfigurationName = Release;
		};
/* End XCConfigurationList section */
	};
	rootObject = 32B5033A196109BF00E20602 /* Project object */;
}
